
Microsoft Visual Studio Solution File, Format Version 12.00
# Visual Studio Version 17
VisualStudioVersion = 17.11.35327.3
MinimumVisualStudioVersion = 10.0.40219.1
Project("{FAE04EC0-301F-11D3-BF4B-00C04F79EFBC}") = "DowloadApp", "DowloadApp.csproj", "{27897C91-A2E2-4132-B1C0-8FDE0C27B0EE}"
EndProject
Global
	GlobalSection(SolutionConfigurationPlatforms) = preSolution
		Debug|Any CPU = Debug|Any CPU
		Release|Any CPU = Release|Any CPU
	EndGlobalSection
	GlobalSection(ProjectConfigurationPlatforms) = postSolution
		{27897C91-A2E2-4132-B1C0-8FDE0C27B0EE}.Debug|Any CPU.ActiveCfg = Debug|Any CPU
		{27897C91-A2E2-4132-B1C0-8FDE0C27B0EE}.Debug|Any CPU.Build.0 = Debug|Any CPU
		{27897C91-A2E2-4132-B1C0-8FDE0C27B0EE}.Release|Any CPU.ActiveCfg = Release|Any CPU
		{27897C91-A2E2-4132-B1C0-8FDE0C27B0EE}.Release|Any CPU.Build.0 = Release|Any CPU
	EndGlobalSection
	GlobalSection(SolutionProperties) = preSolution
		HideSolutionNode = FALSE
	EndGlobalSection
	GlobalSection(ExtensibilityGlobals) = postSolution
		SolutionGuid = {88567B9F-C326-4B9F-8472-F6F02A2533BB}
	EndGlobalSection
EndGlobal
